
Microsoft Visual Studio Solution File, Format Version 12.00
# Visual Studio Version 17
VisualStudioVersion = 17.3.32825.248
MinimumVisualStudioVersion = 10.0.40219.1
Project("{9A19103F-16F7-4668-BE54-9A1E7A4F7556}") = "netCoreMVC", "netCoreMVC\netCoreMVC.csproj", "{6C37E13B-1C06-40CD-BECE-D4334543A4F2}"
EndProject
Project("{FAE04EC0-301F-11D3-BF4B-00C04F79EFBC}") = "LogHelper", "LogHelper\LogHelper.csproj", "{A90386DB-7EA4-40C2-BE49-264EE78788DB}"
EndProject
Project("{9A19103F-16F7-4668-BE54-9A1E7A4F7556}") = "NetCoreWebApiDemo", "NetCoreWebApiDemo\NetCoreWebApiDemo.csproj", "{4F92A253-0C3D-4F88-8717-F512E84BD1C6}"
EndProject
Project("{9A19103F-16F7-4668-BE54-9A1E7A4F7556}") = "WebApplication1", "WebApplication1\WebApplication1.csproj", "{3124F8BE-00FC-4853-B362-73DE05B22610}"
EndProject
Project("{9A19103F-16F7-4668-BE54-9A1E7A4F7556}") = "OrcaleDBHelper", "OrcaleDBHelper\OrcaleDBHelper.csproj", "{AB41962F-E7B5-4E01-B6BE-64CAB74B79BC}"
EndProject
Project("{9A19103F-16F7-4668-BE54-9A1E7A4F7556}") = "testClass", "testClass\testClass.csproj", "{457526DD-041F-425C-B1D8-3563A01E8236}"
EndProject
Project("{2150E333-8FDC-42A3-9474-1A3956D46DE8}") = "反射依赖注入", "反射依赖注入", "{7B053FF4-669A-4FB5-904E-68737D7BFDF2}"
EndProject
Project("{9A19103F-16F7-4668-BE54-9A1E7A4F7556}") = "BabyCarMain", "BabyCarMain\BabyCarMain.csproj", "{B4E22B5F-F189-46A3-B22C-859989A701F8}"
EndProject
Project("{9A19103F-16F7-4668-BE54-9A1E7A4F7556}") = "Animals.Lab1", "Animals.Lab1\Animals.Lab1.csproj", "{3BB006BF-7D45-4787-AC7B-C8B91B5ABD12}"
EndProject
Project("{9A19103F-16F7-4668-BE54-9A1E7A4F7556}") = "Animals.Lab2", "Animals.Lab2\Animals.Lab2.csproj", "{9814E4DE-81C4-4A37-A7D9-4E24C21E7839}"
EndProject
Project("{9A19103F-16F7-4668-BE54-9A1E7A4F7556}") = "Animals.SDK", "Animals.SDK\Animals.SDK.csproj", "{65F5AF22-0A1B-4508-967B-9E7EA52D78B8}"
EndProject
Project("{2150E333-8FDC-42A3-9474-1A3956D46DE8}") = "委托和事件", "委托和事件", "{0411955A-DE7D-4636-9F93-C7F7D7AA5BF9}"
EndProject
Project("{9A19103F-16F7-4668-BE54-9A1E7A4F7556}") = "delegateMain", "delegateMain\delegateMain.csproj", "{878E9C45-A319-4CDC-BDC6-487925B1DD7B}"
EndProject
Project("{9A19103F-16F7-4668-BE54-9A1E7A4F7556}") = "EventMain", "EventMain\EventMain.csproj", "{886DAD85-F29E-42D4-B86A-C5EC117050CD}"
EndProject
Project("{2150E333-8FDC-42A3-9474-1A3956D46DE8}") = "多线程", "多线程", "{A5BE7E30-3E12-4045-8B53-CFBA9CEC4352}"
EndProject
Project("{9A19103F-16F7-4668-BE54-9A1E7A4F7556}") = "ThreadMain", "ThreadMain\ThreadMain.csproj", "{286CA680-B0A5-4AB4-AD67-CDA7850AE588}"
EndProject
Project("{2150E333-8FDC-42A3-9474-1A3956D46DE8}") = "设计模式", "设计模式", "{1FC3F32A-D833-4A51-80B9-CF873DE092B6}"
EndProject
Project("{9A19103F-16F7-4668-BE54-9A1E7A4F7556}") = "1-Signleton", "1-Signleton\1-Signleton.csproj", "{3A4F65AD-9BA8-45F1-95A8-5FF4C4FB971A}"
EndProject
Project("{2150E333-8FDC-42A3-9474-1A3956D46DE8}") = "创建类", "创建类", "{83D12487-DB2D-4043-ADD1-837D2BBCB745}"
EndProject
Project("{9A19103F-16F7-4668-BE54-9A1E7A4F7556}") = "2-simpleFactory", "2-simpleFactory\2-simpleFactory.csproj", "{F24E46C5-56DB-4F14-AD9A-4F252755CCFB}"
EndProject
Project("{9A19103F-16F7-4668-BE54-9A1E7A4F7556}") = "Apple", "Apple\Apple.csproj", "{F49B105E-A136-47FC-985E-8CB654978167}"
EndProject
Project("{9A19103F-16F7-4668-BE54-9A1E7A4F7556}") = "3-AbstractFactory", "AbstractFactory\3-AbstractFactory.csproj", "{013CB8E4-8323-4BDA-907F-AB0EE95509B7}"
EndProject
Project("{9A19103F-16F7-4668-BE54-9A1E7A4F7556}") = "4-Builder", "4-Builder\4-Builder.csproj", "{CF594690-072B-4CF8-80C6-D17875C29312}"
EndProject
Project("{2150E333-8FDC-42A3-9474-1A3956D46DE8}") = "测试", "测试", "{15B0F128-9385-4653-ABC4-B34E73D614F3}"
EndProject
Project("{FAE04EC0-301F-11D3-BF4B-00C04F79EFBC}") = "ConsoleApp1", "ConsoleApp1\ConsoleApp1.csproj", "{BF50629B-03DD-422E-AA2E-BDC15A27A211}"
EndProject
Global
	GlobalSection(SolutionConfigurationPlatforms) = preSolution
		Debug|Any CPU = Debug|Any CPU
		Release|Any CPU = Release|Any CPU
	EndGlobalSection
	GlobalSection(ProjectConfigurationPlatforms) = postSolution
		{6C37E13B-1C06-40CD-BECE-D4334543A4F2}.Debug|Any CPU.ActiveCfg = Debug|Any CPU
		{6C37E13B-1C06-40CD-BECE-D4334543A4F2}.Debug|Any CPU.Build.0 = Debug|Any CPU
		{6C37E13B-1C06-40CD-BECE-D4334543A4F2}.Release|Any CPU.ActiveCfg = Release|Any CPU
		{6C37E13B-1C06-40CD-BECE-D4334543A4F2}.Release|Any CPU.Build.0 = Release|Any CPU
		{A90386DB-7EA4-40C2-BE49-264EE78788DB}.Debug|Any CPU.ActiveCfg = Debug|Any CPU
		{A90386DB-7EA4-40C2-BE49-264EE78788DB}.Debug|Any CPU.Build.0 = Debug|Any CPU
		{A90386DB-7EA4-40C2-BE49-264EE78788DB}.Release|Any CPU.ActiveCfg = Release|Any CPU
		{A90386DB-7EA4-40C2-BE49-264EE78788DB}.Release|Any CPU.Build.0 = Release|Any CPU
		{4F92A253-0C3D-4F88-8717-F512E84BD1C6}.Debug|Any CPU.ActiveCfg = Debug|Any CPU
		{4F92A253-0C3D-4F88-8717-F512E84BD1C6}.Debug|Any CPU.Build.0 = Debug|Any CPU
		{4F92A253-0C3D-4F88-8717-F512E84BD1C6}.Release|Any CPU.ActiveCfg = Release|Any CPU
		{4F92A253-0C3D-4F88-8717-F512E84BD1C6}.Release|Any CPU.Build.0 = Release|Any CPU
		{3124F8BE-00FC-4853-B362-73DE05B22610}.Debug|Any CPU.ActiveCfg = Debug|Any CPU
		{3124F8BE-00FC-4853-B362-73DE05B22610}.Debug|Any CPU.Build.0 = Debug|Any CPU
		{3124F8BE-00FC-4853-B362-73DE05B22610}.Release|Any CPU.ActiveCfg = Release|Any CPU
		{3124F8BE-00FC-4853-B362-73DE05B22610}.Release|Any CPU.Build.0 = Release|Any CPU
		{AB41962F-E7B5-4E01-B6BE-64CAB74B79BC}.Debug|Any CPU.ActiveCfg = Debug|Any CPU
		{AB41962F-E7B5-4E01-B6BE-64CAB74B79BC}.Debug|Any CPU.Build.0 = Debug|Any CPU
		{AB41962F-E7B5-4E01-B6BE-64CAB74B79BC}.Release|Any CPU.ActiveCfg = Release|Any CPU
		{AB41962F-E7B5-4E01-B6BE-64CAB74B79BC}.Release|Any CPU.Build.0 = Release|Any CPU
		{457526DD-041F-425C-B1D8-3563A01E8236}.Debug|Any CPU.ActiveCfg = Debug|Any CPU
		{457526DD-041F-425C-B1D8-3563A01E8236}.Debug|Any CPU.Build.0 = Debug|Any CPU
		{457526DD-041F-425C-B1D8-3563A01E8236}.Release|Any CPU.ActiveCfg = Release|Any CPU
		{457526DD-041F-425C-B1D8-3563A01E8236}.Release|Any CPU.Build.0 = Release|Any CPU
		{B4E22B5F-F189-46A3-B22C-859989A701F8}.Debug|Any CPU.ActiveCfg = Debug|Any CPU
		{B4E22B5F-F189-46A3-B22C-859989A701F8}.Debug|Any CPU.Build.0 = Debug|Any CPU
		{B4E22B5F-F189-46A3-B22C-859989A701F8}.Release|Any CPU.ActiveCfg = Release|Any CPU
		{B4E22B5F-F189-46A3-B22C-859989A701F8}.Release|Any CPU.Build.0 = Release|Any CPU
		{3BB006BF-7D45-4787-AC7B-C8B91B5ABD12}.Debug|Any CPU.ActiveCfg = Debug|Any CPU
		{3BB006BF-7D45-4787-AC7B-C8B91B5ABD12}.Debug|Any CPU.Build.0 = Debug|Any CPU
		{3BB006BF-7D45-4787-AC7B-C8B91B5ABD12}.Release|Any CPU.ActiveCfg = Release|Any CPU
		{3BB006BF-7D45-4787-AC7B-C8B91B5ABD12}.Release|Any CPU.Build.0 = Release|Any CPU
		{9814E4DE-81C4-4A37-A7D9-4E24C21E7839}.Debug|Any CPU.ActiveCfg = Debug|Any CPU
		{9814E4DE-81C4-4A37-A7D9-4E24C21E7839}.Debug|Any CPU.Build.0 = Debug|Any CPU
		{9814E4DE-81C4-4A37-A7D9-4E24C21E7839}.Release|Any CPU.ActiveCfg = Release|Any CPU
		{9814E4DE-81C4-4A37-A7D9-4E24C21E7839}.Release|Any CPU.Build.0 = Release|Any CPU
		{65F5AF22-0A1B-4508-967B-9E7EA52D78B8}.Debug|Any CPU.ActiveCfg = Debug|Any CPU
		{65F5AF22-0A1B-4508-967B-9E7EA52D78B8}.Debug|Any CPU.Build.0 = Debug|Any CPU
		{65F5AF22-0A1B-4508-967B-9E7EA52D78B8}.Release|Any CPU.ActiveCfg = Release|Any CPU
		{65F5AF22-0A1B-4508-967B-9E7EA52D78B8}.Release|Any CPU.Build.0 = Release|Any CPU
		{878E9C45-A319-4CDC-BDC6-487925B1DD7B}.Debug|Any CPU.ActiveCfg = Debug|Any CPU
		{878E9C45-A319-4CDC-BDC6-487925B1DD7B}.Debug|Any CPU.Build.0 = Debug|Any CPU
		{878E9C45-A319-4CDC-BDC6-487925B1DD7B}.Release|Any CPU.ActiveCfg = Release|Any CPU
		{878E9C45-A319-4CDC-BDC6-487925B1DD7B}.Release|Any CPU.Build.0 = Release|Any CPU
		{886DAD85-F29E-42D4-B86A-C5EC117050CD}.Debug|Any CPU.ActiveCfg = Debug|Any CPU
		{886DAD85-F29E-42D4-B86A-C5EC117050CD}.Debug|Any CPU.Build.0 = Debug|Any CPU
		{886DAD85-F29E-42D4-B86A-C5EC117050CD}.Release|Any CPU.ActiveCfg = Release|Any CPU
		{886DAD85-F29E-42D4-B86A-C5EC117050CD}.Release|Any CPU.Build.0 = Release|Any CPU
		{286CA680-B0A5-4AB4-AD67-CDA7850AE588}.Debug|Any CPU.ActiveCfg = Debug|Any CPU
		{286CA680-B0A5-4AB4-AD67-CDA7850AE588}.Debug|Any CPU.Build.0 = Debug|Any CPU
		{286CA680-B0A5-4AB4-AD67-CDA7850AE588}.Release|Any CPU.ActiveCfg = Release|Any CPU
		{286CA680-B0A5-4AB4-AD67-CDA7850AE588}.Release|Any CPU.Build.0 = Release|Any CPU
		{3A4F65AD-9BA8-45F1-95A8-5FF4C4FB971A}.Debug|Any CPU.ActiveCfg = Debug|Any CPU
		{3A4F65AD-9BA8-45F1-95A8-5FF4C4FB971A}.Debug|Any CPU.Build.0 = Debug|Any CPU
		{3A4F65AD-9BA8-45F1-95A8-5FF4C4FB971A}.Release|Any CPU.ActiveCfg = Release|Any CPU
		{3A4F65AD-9BA8-45F1-95A8-5FF4C4FB971A}.Release|Any CPU.Build.0 = Release|Any CPU
		{F24E46C5-56DB-4F14-AD9A-4F252755CCFB}.Debug|Any CPU.ActiveCfg = Debug|Any CPU
		{F24E46C5-56DB-4F14-AD9A-4F252755CCFB}.Debug|Any CPU.Build.0 = Debug|Any CPU
		{F24E46C5-56DB-4F14-AD9A-4F252755CCFB}.Release|Any CPU.ActiveCfg = Release|Any CPU
		{F24E46C5-56DB-4F14-AD9A-4F252755CCFB}.Release|Any CPU.Build.0 = Release|Any CPU
		{F49B105E-A136-47FC-985E-8CB654978167}.Debug|Any CPU.ActiveCfg = Debug|Any CPU
		{F49B105E-A136-47FC-985E-8CB654978167}.Debug|Any CPU.Build.0 = Debug|Any CPU
		{F49B105E-A136-47FC-985E-8CB654978167}.Release|Any CPU.ActiveCfg = Release|Any CPU
		{F49B105E-A136-47FC-985E-8CB654978167}.Release|Any CPU.Build.0 = Release|Any CPU
		{013CB8E4-8323-4BDA-907F-AB0EE95509B7}.Debug|Any CPU.ActiveCfg = Debug|Any CPU
		{013CB8E4-8323-4BDA-907F-AB0EE95509B7}.Debug|Any CPU.Build.0 = Debug|Any CPU
		{013CB8E4-8323-4BDA-907F-AB0EE95509B7}.Release|Any CPU.ActiveCfg = Release|Any CPU
		{013CB8E4-8323-4BDA-907F-AB0EE95509B7}.Release|Any CPU.Build.0 = Release|Any CPU
		{CF594690-072B-4CF8-80C6-D17875C29312}.Debug|Any CPU.ActiveCfg = Debug|Any CPU
		{CF594690-072B-4CF8-80C6-D17875C29312}.Debug|Any CPU.Build.0 = Debug|Any CPU
		{CF594690-072B-4CF8-80C6-D17875C29312}.Release|Any CPU.ActiveCfg = Release|Any CPU
		{CF594690-072B-4CF8-80C6-D17875C29312}.Release|Any CPU.Build.0 = Release|Any CPU
		{BF50629B-03DD-422E-AA2E-BDC15A27A211}.Debug|Any CPU.ActiveCfg = Debug|Any CPU
		{BF50629B-03DD-422E-AA2E-BDC15A27A211}.Debug|Any CPU.Build.0 = Debug|Any CPU
		{BF50629B-03DD-422E-AA2E-BDC15A27A211}.Release|Any CPU.ActiveCfg = Release|Any CPU
		{BF50629B-03DD-422E-AA2E-BDC15A27A211}.Release|Any CPU.Build.0 = Release|Any CPU
	EndGlobalSection
	GlobalSection(SolutionProperties) = preSolution
		HideSolutionNode = FALSE
	EndGlobalSection
	GlobalSection(NestedProjects) = preSolution
		{B4E22B5F-F189-46A3-B22C-859989A701F8} = {7B053FF4-669A-4FB5-904E-68737D7BFDF2}
		{3BB006BF-7D45-4787-AC7B-C8B91B5ABD12} = {7B053FF4-669A-4FB5-904E-68737D7BFDF2}
		{9814E4DE-81C4-4A37-A7D9-4E24C21E7839} = {7B053FF4-669A-4FB5-904E-68737D7BFDF2}
		{65F5AF22-0A1B-4508-967B-9E7EA52D78B8} = {7B053FF4-669A-4FB5-904E-68737D7BFDF2}
		{878E9C45-A319-4CDC-BDC6-487925B1DD7B} = {0411955A-DE7D-4636-9F93-C7F7D7AA5BF9}
		{886DAD85-F29E-42D4-B86A-C5EC117050CD} = {0411955A-DE7D-4636-9F93-C7F7D7AA5BF9}
		{286CA680-B0A5-4AB4-AD67-CDA7850AE588} = {A5BE7E30-3E12-4045-8B53-CFBA9CEC4352}
		{3A4F65AD-9BA8-45F1-95A8-5FF4C4FB971A} = {83D12487-DB2D-4043-ADD1-837D2BBCB745}
		{83D12487-DB2D-4043-ADD1-837D2BBCB745} = {1FC3F32A-D833-4A51-80B9-CF873DE092B6}
		{F24E46C5-56DB-4F14-AD9A-4F252755CCFB} = {83D12487-DB2D-4043-ADD1-837D2BBCB745}
		{F49B105E-A136-47FC-985E-8CB654978167} = {83D12487-DB2D-4043-ADD1-837D2BBCB745}
		{013CB8E4-8323-4BDA-907F-AB0EE95509B7} = {83D12487-DB2D-4043-ADD1-837D2BBCB745}
		{CF594690-072B-4CF8-80C6-D17875C29312} = {83D12487-DB2D-4043-ADD1-837D2BBCB745}
		{BF50629B-03DD-422E-AA2E-BDC15A27A211} = {15B0F128-9385-4653-ABC4-B34E73D614F3}
	EndGlobalSection
	GlobalSection(ExtensibilityGlobals) = postSolution
		SolutionGuid = {F5E126B1-EC0D-4F09-9C5B-D0FE408CBE4B}
	EndGlobalSection
EndGlobal
